// !$*UTF8*$!
{
	archiveVersion = 1;
	classes = {
	};
	objectVersion = 50;
	objects = {

/* Begin PBXBuildFile section */
		04D68E5E2452A31E0033A25E /* AppDelegate.swift in Sources */ = {isa = PBXBuildFile; fileRef = 04D68E5D2452A31E0033A25E /* AppDelegate.swift */; };
		04D68E602452A31E0033A25E /* SceneDelegate.swift in Sources */ = {isa = PBXBuildFile; fileRef = 04D68E5F2452A31E0033A25E /* SceneDelegate.swift */; };
		04D68E622452A31E0033A25E /* ViewController.swift in Sources */ = {isa = PBXBuildFile; fileRef = 04D68E612452A31E0033A25E /* ViewController.swift */; };
		04D68E652452A31E0033A25E /* Main.storyboard in Resources */ = {isa = PBXBuildFile; fileRef = 04D68E632452A31E0033A25E /* Main.storyboard */; };
		04D68E672452A3210033A25E /* Assets.xcassets in Resources */ = {isa = PBXBuildFile; fileRef = 04D68E662452A3210033A25E /* Assets.xcassets */; };
		04D68E6A2452A3210033A25E /* LaunchScreen.storyboard in Resources */ = {isa = PBXBuildFile; fileRef = 04D68E682452A3210033A25E /* LaunchScreen.storyboard */; };
		04D68E752452A3210033A25E /* TestCITests.swift in Sources */ = {isa = PBXBuildFile; fileRef = 04D68E742452A3210033A25E /* TestCITests.swift */; };
		04D68E802452A3210033A25E /* TestCIUITests.swift in Sources */ = {isa = PBXBuildFile; fileRef = 04D68E7F2452A3210033A25E /* TestCIUITests.swift */; };
/* End PBXBuildFile section */

/* Begin PBXContainerItemProxy section */
		04D68E712452A3210033A25E /* PBXContainerItemProxy */ = {
			isa = PBXContainerItemProxy;
			containerPortal = 04D68E522452A31E0033A25E /* Project object */;
			proxyType = 1;
			remoteGlobalIDString = 04D68E592452A31E0033A25E;
			remoteInfo = TestCI;
		};
		04D68E7C2452A3210033A25E /* PBXContainerItemProxy */ = {
			isa = PBXContainerItemProxy;
			containerPortal = 04D68E522452A31E0033A25E /* Project object */;
			proxyType = 1;
			remoteGlobalIDString = 04D68E592452A31E0033A25E;
			remoteInfo = TestCI;
		};
/* End PBXContainerItemProxy section */

/* Begin PBXFileReference section */
		04D68E5A2452A31E0033A25E /* TestCI.app */ = {isa = PBXFileReference; explicitFileType = wrapper.application; includeInIndex = 0; path = TestCI.app; sourceTree = BUILT_PRODUCTS_DIR; };
		04D68E5D2452A31E0033A25E /* AppDelegate.swift */ = {isa = PBXFileReference; lastKnownFileType = sourcecode.swift; path = AppDelegate.swift; sourceTree = "<group>"; };
		04D68E5F2452A31E0033A25E /* SceneDelegate.swift */ = {isa = PBXFileReference; lastKnownFileType = sourcecode.swift; path = SceneDelegate.swift; sourceTree = "<group>"; };
		04D68E612452A31E0033A25E /* ViewController.swift */ = {isa = PBXFileReference; lastKnownFileType = sourcecode.swift; path = ViewController.swift; sourceTree = "<group>"; };
		04D68E642452A31E0033A25E /* Base */ = {isa = PBXFileReference; lastKnownFileType = file.storyboard; name = Base; path = Base.lproj/Main.storyboard; sourceTree = "<group>"; };
		04D68E662452A3210033A25E /* Assets.xcassets */ = {isa = PBXFileReference; lastKnownFileType = folder.assetcatalog; path = Assets.xcassets; sourceTree = "<group>"; };
		04D68E692452A3210033A25E /* Base */ = {isa = PBXFileReference; lastKnownFileType = file.storyboard; name = Base; path = Base.lproj/LaunchScreen.storyboard; sourceTree = "<group>"; };
		04D68E6B2452A3210033A25E /* Info.plist */ = {isa = PBXFileReference; lastKnownFileType = text.plist.xml; path = Info.plist; sourceTree = "<group>"; };
		04D68E702452A3210033A25E /* TestCITests.xctest */ = {isa = PBXFileReference; explicitFileType = wrapper.cfbundle; includeInIndex = 0; path = TestCITests.xctest; sourceTree = BUILT_PRODUCTS_DIR; };
		04D68E742452A3210033A25E /* TestCITests.swift */ = {isa = PBXFileReference; lastKnownFileType = sourcecode.swift; path = TestCITests.swift; sourceTree = "<group>"; };
		04D68E762452A3210033A25E /* Info.plist */ = {isa = PBXFileReference; lastKnownFileType = text.plist.xml; path = Info.plist; sourceTree = "<group>"; };
		04D68E7B2452A3210033A25E /* TestCIUITests.xctest */ = {isa = PBXFileReference; explicitFileType = wrapper.cfbundle; includeInIndex = 0; path = TestCIUITests.xctest; sourceTree = BUILT_PRODUCTS_DIR; };
		04D68E7F2452A3210033A25E /* TestCIUITests.swift */ = {isa = PBXFileReference; lastKnownFileType = sourcecode.swift; path = TestCIUITests.swift; sourceTree = "<group>"; };
		04D68E812452A3210033A25E /* Info.plist */ = {isa = PBXFileReference; lastKnownFileType = text.plist.xml; path = Info.plist; sourceTree = "<group>"; };
/* End PBXFileReference section */

/* Begin PBXFrameworksBuildPhase section */
		04D68E572452A31E0033A25E /* Frameworks */ = {
			isa = PBXFrameworksBuildPhase;
			buildActionMask = 2147483647;
			files = (
			);
			runOnlyForDeploymentPostprocessing = 0;
		};
		04D68E6D2452A3210033A25E /* Frameworks */ = {
			isa = PBXFrameworksBuildPhase;
			buildActionMask = 2147483647;
			files = (
			);
			runOnlyForDeploymentPostprocessing = 0;
		};
		04D68E782452A3210033A25E /* Frameworks */ = {
			isa = PBXFrameworksBuildPhase;
			buildActionMask = 2147483647;
			files = (
			);
			runOnlyForDeploymentPostprocessing = 0;
		};
/* End PBXFrameworksBuildPhase section */

/* Begin PBXGroup section */
		04D68E512452A31E0033A25E = {
			isa = PBXGroup;
			children = (
				04D68E5C2452A31E0033A25E /* TestCI */,
				04D68E732452A3210033A25E /* TestCITests */,
				04D68E7E2452A3210033A25E /* TestCIUITests */,
				04D68E5B2452A31E0033A25E /* Products */,
			);
			sourceTree = "<group>";
		};
		04D68E5B2452A31E0033A25E /* Products */ = {
			isa = PBXGroup;
			children = (
				04D68E5A2452A31E0033A25E /* TestCI.app */,
				04D68E702452A3210033A25E /* TestCITests.xctest */,
				04D68E7B2452A3210033A25E /* TestCIUITests.xctest */,
			);
			name = Products;
			sourceTree = "<group>";
		};
		04D68E5C2452A31E0033A25E /* TestCI */ = {
			isa = PBXGroup;
			children = (
				04D68E5D2452A31E0033A25E /* AppDelegate.swift */,
				04D68E5F2452A31E0033A25E /* SceneDelegate.swift */,
				04D68E612452A31E0033A25E /* ViewController.swift */,
				04D68E632452A31E0033A25E /* Main.storyboard */,
				04D68E662452A3210033A25E /* Assets.xcassets */,
				04D68E682452A3210033A25E /* LaunchScreen.storyboard */,
				04D68E6B2452A3210033A25E /* Info.plist */,
			);
			path = TestCI;
			sourceTree = "<group>";
		};
		04D68E732452A3210033A25E /* TestCITests */ = {
			isa = PBXGroup;
			children = (
				04D68E742452A3210033A25E /* TestCITests.swift */,
				04D68E762452A3210033A25E /* Info.plist */,
			);
			path = TestCITests;
			sourceTree = "<group>";
		};
		04D68E7E2452A3210033A25E /* TestCIUITests */ = {
			isa = PBXGroup;
			children = (
				04D68E7F2452A3210033A25E /* TestCIUITests.swift */,
				04D68E812452A3210033A25E /* Info.plist */,
			);
			path = TestCIUITests;
			sourceTree = "<group>";
		};
/* End PBXGroup section */

/* Begin PBXNativeTarget section */
		04D68E592452A31E0033A25E /* TestCI */ = {
			isa = PBXNativeTarget;
			buildConfigurationList = 04D68E842452A3210033A25E /* Build configuration list for PBXNativeTarget "TestCI" */;
			buildPhases = (
				04D68E562452A31E0033A25E /* Sources */,
				04D68E572452A31E0033A25E /* Frameworks */,
				04D68E582452A31E0033A25E /* Resources */,
			);
			buildRules = (
			);
			dependencies = (
			);
			name = TestCI;
			productName = TestCI;
			productReference = 04D68E5A2452A31E0033A25E /* TestCI.app */;
			productType = "com.apple.product-type.application";
		};
		04D68E6F2452A3210033A25E /* TestCITests */ = {
			isa = PBXNativeTarget;
			buildConfigurationList = 04D68E872452A3210033A25E /* Build configuration list for PBXNativeTarget "TestCITests" */;
			buildPhases = (
				04D68E6C2452A3210033A25E /* Sources */,
				04D68E6D2452A3210033A25E /* Frameworks */,
				04D68E6E2452A3210033A25E /* Resources */,
			);
			buildRules = (
			);
			dependencies = (
				04D68E722452A3210033A25E /* PBXTargetDependency */,
			);
			name = TestCITests;
			productName = TestCITests;
			productReference = 04D68E702452A3210033A25E /* TestCITests.xctest */;
			productType = "com.apple.product-type.bundle.unit-test";
		};
		04D68E7A2452A3210033A25E /* TestCIUITests */ = {
			isa = PBXNativeTarget;
			buildConfigurationList = 04D68E8A2452A3210033A25E /* Build configuration list for PBXNativeTarget "TestCIUITests" */;
			buildPhases = (
				04D68E772452A3210033A25E /* Sources */,
				04D68E782452A3210033A25E /* Frameworks */,
				04D68E792452A3210033A25E /* Resources */,
			);
			buildRules = (
			);
			dependencies = (
				04D68E7D2452A3210033A25E /* PBXTargetDependency */,
			);
			name = TestCIUITests;
			productName = TestCIUITests;
			productReference = 04D68E7B2452A3210033A25E /* TestCIUITests.xctest */;
			productType = "com.apple.product-type.bundle.ui-testing";
		};
/* End PBXNativeTarget section */

/* Begin PBXProject section */
		04D68E522452A31E0033A25E /* Project object */ = {
			isa = PBXProject;
			attributes = {
				LastSwiftUpdateCheck = 1140;
				LastUpgradeCheck = 1140;
				ORGANIZATIONNAME = mac;
				TargetAttributes = {
					04D68E592452A31E0033A25E = {
						CreatedOnToolsVersion = 11.4.1;
					};
					04D68E6F2452A3210033A25E = {
						CreatedOnToolsVersion = 11.4.1;
						TestTargetID = 04D68E592452A31E0033A25E;
					};
					04D68E7A2452A3210033A25E = {
						CreatedOnToolsVersion = 11.4.1;
						TestTargetID = 04D68E592452A31E0033A25E;
					};
				};
			};
			buildConfigurationList = 04D68E552452A31E0033A25E /* Build configuration list for PBXProject "TestCI" */;
			compatibilityVersion = "Xcode 9.3";
			developmentRegion = en;
			hasScannedForEncodings = 0;
			knownRegions = (
				en,
				Base,
			);
			mainGroup = 04D68E512452A31E0033A25E;
			productRefGroup = 04D68E5B2452A31E0033A25E /* Products */;
			projectDirPath = "";
			projectRoot = "";
			targets = (
				04D68E592452A31E0033A25E /* TestCI */,
				04D68E6F2452A3210033A25E /* TestCITests */,
				04D68E7A2452A3210033A25E /* TestCIUITests */,
			);
		};
/* End PBXProject section */

/* Begin PBXResourcesBuildPhase section */
		04D68E582452A31E0033A25E /* Resources */ = {
			isa = PBXResourcesBuildPhase;
			buildActionMask = 2147483647;
			files = (
				04D68E6A2452A3210033A25E /* LaunchScreen.storyboard in Resources */,
				04D68E672452A3210033A25E /* Assets.xcassets in Resources */,
				04D68E652452A31E0033A25E /* Main.storyboard in Resources */,
			);
			runOnlyForDeploymentPostprocessing = 0;
		};
		04D68E6E2452A3210033A25E /* Resources */ = {
			isa = PBXResourcesBuildPhase;
			buildActionMask = 2147483647;
			files = (
			);
			runOnlyForDeploymentPostprocessing = 0;
		};
		04D68E792452A3210033A25E /* Resources */ = {
			isa = PBXResourcesBuildPhase;
			buildActionMask = 2147483647;
			files = (
			);
			runOnlyForDeploymentPostprocessing = 0;
		};
/* End PBXResourcesBuildPhase section */

/* Begin PBXSourcesBuildPhase section */
		04D68E562452A31E0033A25E /* Sources */ = {
			isa = PBXSourcesBuildPhase;
			buildActionMask = 2147483647;
			files = (
				04D68E622452A31E0033A25E /* ViewController.swift in Sources */,
				04D68E5E2452A31E0033A25E /* AppDelegate.swift in Sources */,
				04D68E602452A31E0033A25E /* SceneDelegate.swift in Sources */,
			);
			runOnlyForDeploymentPostprocessing = 0;
		};
		04D68E6C2452A3210033A25E /* Sources */ = {
			isa = PBXSourcesBuildPhase;
			buildActionMask = 2147483647;
			files = (
				04D68E752452A3210033A25E /* TestCITests.swift in Sources */,
			);
			runOnlyForDeploymentPostprocessing = 0;
		};
		04D68E772452A3210033A25E /* Sources */ = {
			isa = PBXSourcesBuildPhase;
			buildActionMask = 2147483647;
			files = (
				04D68E802452A3210033A25E /* TestCIUITests.swift in Sources */,
			);
			runOnlyForDeploymentPostprocessing = 0;
		};
/* End PBXSourcesBuildPhase section */

/* Begin PBXTargetDependency section */
		04D68E722452A3210033A25E /* PBXTargetDependency */ = {
			isa = PBXTargetDependency;
			target = 04D68E592452A31E0033A25E /* TestCI */;
			targetProxy = 04D68E712452A3210033A25E /* PBXContainerItemProxy */;
		};
		04D68E7D2452A3210033A25E /* PBXTargetDependency */ = {
			isa = PBXTargetDependency;
			target = 04D68E592452A31E0033A25E /* TestCI */;
			targetProxy = 04D68E7C2452A3210033A25E /* PBXContainerItemProxy */;
		};
/* End PBXTargetDependency section */

/* Begin PBXVariantGroup section */
		04D68E632452A31E0033A25E /* Main.storyboard */ = {
			isa = PBXVariantGroup;
			children = (
				04D68E642452A31E0033A25E /* Base */,
			);
			name = Main.storyboard;
			sourceTree = "<group>";
		};
		04D68E682452A3210033A25E /* LaunchScreen.storyboard */ = {
			isa = PBXVariantGroup;
			children = (
				04D68E692452A3210033A25E /* Base */,
			);
			name = LaunchScreen.storyboard;
			sourceTree = "<group>";
		};
/* End PBXVariantGroup section */

/* Begin XCBuildConfiguration section */
		04D68E822452A3210033A25E /* Debug */ = {
			isa = XCBuildConfiguration;
			buildSettings = {
				ALWAYS_SEARCH_USER_PATHS = NO;
				CLANG_ANALYZER_NONNULL = YES;
				CLANG_ANALYZER_NUMBER_OBJECT_CONVERSION = YES_AGGRESSIVE;
				CLANG_CXX_LANGUAGE_STANDARD = "gnu++14";
				CLANG_CXX_LIBRARY = "libc++";
				CLANG_ENABLE_MODULES = YES;
				CLANG_ENABLE_OBJC_ARC = YES;
				CLANG_ENABLE_OBJC_WEAK = YES;
				CLANG_WARN_BLOCK_CAPTURE_AUTORELEASING = YES;
				CLANG_WARN_BOOL_CONVERSION = YES;
				CLANG_WARN_COMMA = YES;
				CLANG_WARN_CONSTANT_CONVERSION = YES;
				CLANG_WARN_DEPRECATED_OBJC_IMPLEMENTATIONS = YES;
				CLANG_WARN_DIRECT_OBJC_ISA_USAGE = YES_ERROR;
				CLANG_WARN_DOCUMENTATION_COMMENTS = YES;
				CLANG_WARN_EMPTY_BODY = YES;
				CLANG_WARN_ENUM_CONVERSION = YES;
				CLANG_WARN_INFINITE_RECURSION = YES;
				CLANG_WARN_INT_CONVERSION = YES;
				CLANG_WARN_NON_LITERAL_NULL_CONVERSION = YES;
				CLANG_WARN_OBJC_IMPLICIT_RETAIN_SELF = YES;
				CLANG_WARN_OBJC_LITERAL_CONVERSION = YES;
				CLANG_WARN_OBJC_ROOT_CLASS = YES_ERROR;
				CLANG_WARN_RANGE_LOOP_ANALYSIS = YES;
				CLANG_WARN_STRICT_PROTOTYPES = YES;
				CLANG_WARN_SUSPICIOUS_MOVE = YES;
				CLANG_WARN_UNGUARDED_AVAILABILITY = YES_AGGRESSIVE;
				CLANG_WARN_UNREACHABLE_CODE = YES;
				CLANG_WARN__DUPLICATE_METHOD_MATCH = YES;
				COPY_PHASE_STRIP = NO;
				DEBUG_INFORMATION_FORMAT = dwarf;
				ENABLE_STRICT_OBJC_MSGSEND = YES;
				ENABLE_TESTABILITY = YES;
				GCC_C_LANGUAGE_STANDARD = gnu11;
				GCC_DYNAMIC_NO_PIC = NO;
				GCC_NO_COMMON_BLOCKS = YES;
				GCC_OPTIMIZATION_LEVEL = 0;
				GCC_PREPROCESSOR_DEFINITIONS = (
					"DEBUG=1",
					"$(inherited)",
				);
				GCC_WARN_64_TO_32_BIT_CONVERSION = YES;
				GCC_WARN_ABOUT_RETURN_TYPE = YES_ERROR;
				GCC_WARN_UNDECLARED_SELECTOR = YES;
				GCC_WARN_UNINITIALIZED_AUTOS = YES_AGGRESSIVE;
				GCC_WARN_UNUSED_FUNCTION = YES;
				GCC_WARN_UNUSED_VARIABLE = YES;
				IPHONEOS_DEPLOYMENT_TARGET = 13.4;
				MTL_ENABLE_DEBUG_INFO = INCLUDE_SOURCE;
				MTL_FAST_MATH = YES;
				ONLY_ACTIVE_ARCH = YES;
				SDKROOT = iphoneos;
				SWIFT_ACTIVE_COMPILATION_CONDITIONS = DEBUG;
				SWIFT_OPTIMIZATION_LEVEL = "-Onone";
			};
			name = Debug;
		};
		04D68E832452A3210033A25E /* Release */ = {
			isa = XCBuildConfiguration;
			buildSettings = {
				ALWAYS_SEARCH_USER_PATHS = NO;
				CLANG_ANALYZER_NONNULL = YES;
				CLANG_ANALYZER_NUMBER_OBJECT_CONVERSION = YES_AGGRESSIVE;
				CLANG_CXX_LANGUAGE_STANDARD = "gnu++14";
				CLANG_CXX_LIBRARY = "libc++";
				CLANG_ENABLE_MODULES = YES;
				CLANG_ENABLE_OBJC_ARC = YES;
				CLANG_ENABLE_OBJC_WEAK = YES;
				CLANG_WARN_BLOCK_CAPTURE_AUTORELEASING = YES;
				CLANG_WARN_BOOL_CONVERSION = YES;
				CLANG_WARN_COMMA = YES;
				CLANG_WARN_CONSTANT_CONVERSION = YES;
				CLANG_WARN_DEPRECATED_OBJC_IMPLEMENTATIONS = YES;
				CLANG_WARN_DIRECT_OBJC_ISA_USAGE = YES_ERROR;
				CLANG_WARN_DOCUMENTATION_COMMENTS = YES;
				CLANG_WARN_EMPTY_BODY = YES;
				CLANG_WARN_ENUM_CONVERSION = YES;
				CLANG_WARN_INFINITE_RECURSION = YES;
				CLANG_WARN_INT_CONVERSION = YES;
				CLANG_WARN_NON_LITERAL_NULL_CONVERSION = YES;
				CLANG_WARN_OBJC_IMPLICIT_RETAIN_SELF = YES;
				CLANG_WARN_OBJC_LITERAL_CONVERSION = YES;
				CLANG_WARN_OBJC_ROOT_CLASS = YES_ERROR;
				CLANG_WARN_RANGE_LOOP_ANALYSIS = YES;
				CLANG_WARN_STRICT_PROTOTYPES = YES;
				CLANG_WARN_SUSPICIOUS_MOVE = YES;
				CLANG_WARN_UNGUARDED_AVAILABILITY = YES_AGGRESSIVE;
				CLANG_WARN_UNREACHABLE_CODE = YES;
				CLANG_WARN__DUPLICATE_METHOD_MATCH = YES;
				COPY_PHASE_STRIP = NO;
				DEBUG_INFORMATION_FORMAT = "dwarf-with-dsym";
				ENABLE_NS_ASSERTIONS = NO;
				ENABLE_STRICT_OBJC_MSGSEND = YES;
				GCC_C_LANGUAGE_STANDARD = gnu11;
				GCC_NO_COMMON_BLOCKS = YES;
				GCC_WARN_64_TO_32_BIT_CONVERSION = YES;
				GCC_WARN_ABOUT_RETURN_TYPE = YES_ERROR;
				GCC_WARN_UNDECLARED_SELECTOR = YES;
				GCC_WARN_UNINITIALIZED_AUTOS = YES_AGGRESSIVE;
				GCC_WARN_UNUSED_FUNCTION = YES;
				GCC_WARN_UNUSED_VARIABLE = YES;
				IPHONEOS_DEPLOYMENT_TARGET = 13.4;
				MTL_ENABLE_DEBUG_INFO = NO;
				MTL_FAST_MATH = YES;
				SDKROOT = iphoneos;
				SWIFT_COMPILATION_MODE = wholemodule;
				SWIFT_OPTIMIZATION_LEVEL = "-O";
				VALIDATE_PRODUCT = YES;
			};
			name = Release;
		};
		04D68E852452A3210033A25E /* Debug */ = {
			isa = XCBuildConfiguration;
			buildSettings = {
				ASSETCATALOG_COMPILER_APPICON_NAME = AppIcon;
				CODE_SIGN_STYLE = Automatic;
				DEVELOPMENT_TEAM = FS4AVHYP6U;
				INFOPLIST_FILE = TestCI/Info.plist;
				LD_RUNPATH_SEARCH_PATHS = (
					"$(inherited)",
					"@executable_path/Frameworks",
				);
				PRODUCT_BUNDLE_IDENTIFIER = com.m3u8.zy.TestCI;
				PRODUCT_NAME = "$(TARGET_NAME)";
				SWIFT_VERSION = 5.0;
				TARGETED_DEVICE_FAMILY = "1,2";
			};
			name = Debug;
		};
		04D68E862452A3210033A25E /* Release */ = {
			isa = XCBuildConfiguration;
			buildSettings = {
				ASSETCATALOG_COMPILER_APPICON_NAME = AppIcon;
				CODE_SIGN_STYLE = Automatic;
				DEVELOPMENT_TEAM = FS4AVHYP6U;
				INFOPLIST_FILE = TestCI/Info.plist;
				LD_RUNPATH_SEARCH_PATHS = (
					"$(inherited)",
					"@executable_path/Frameworks",
				);
				PRODUCT_BUNDLE_IDENTIFIER = com.m3u8.zy.TestCI;
				PRODUCT_NAME = "$(TARGET_NAME)";
				SWIFT_VERSION = 5.0;
				TARGETED_DEVICE_FAMILY = "1,2";
			};
			name = Release;
		};
		04D68E882452A3210033A25E /* Debug */ = {
			isa = XCBuildConfiguration;
			buildSettings = {
				ALWAYS_EMBED_SWIFT_STANDARD_LIBRARIES = YES;
				BUNDLE_LOADER = "$(TEST_HOST)";
				CODE_SIGN_STYLE = Automatic;
				DEVELOPMENT_TEAM = FS4AVHYP6U;
				INFOPLIST_FILE = TestCITests/Info.plist;
				IPHONEOS_DEPLOYMENT_TARGET = 13.4;
				LD_RUNPATH_SEARCH_PATHS = (
					"$(inherited)",
					"@executable_path/Frameworks",
					"@loader_path/Frameworks",
				);
				PRODUCT_BUNDLE_IDENTIFIER = com.m3u8.zy.TestCITests;
				PRODUCT_NAME = "$(TARGET_NAME)";
				SWIFT_VERSION = 5.0;
				TARGETED_DEVICE_FAMILY = "1,2";
				TEST_HOST = "$(BUILT_PRODUCTS_DIR)/TestCI.app/TestCI";
			};
			name = Debug;
		};
		04D68E892452A3210033A25E /* Release */ = {
			isa = XCBuildConfiguration;
			buildSettings = {
				ALWAYS_EMBED_SWIFT_STANDARD_LIBRARIES = YES;
				BUNDLE_LOADER = "$(TEST_HOST)";
				CODE_SIGN_STYLE = Automatic;
				DEVELOPMENT_TEAM = FS4AVHYP6U;
				INFOPLIST_FILE = TestCITests/Info.plist;
				IPHONEOS_DEPLOYMENT_TARGET = 13.4;
				LD_RUNPATH_SEARCH_PATHS = (
					"$(inherited)",
					"@executable_path/Frameworks",
					"@loader_path/Frameworks",
				);
				PRODUCT_BUNDLE_IDENTIFIER = com.m3u8.zy.TestCITests;
				PRODUCT_NAME = "$(TARGET_NAME)";
				SWIFT_VERSION = 5.0;
				TARGETED_DEVICE_FAMILY = "1,2";
				TEST_HOST = "$(BUILT_PRODUCTS_DIR)/TestCI.app/TestCI";
			};
			name = Release;
		};
		04D68E8B2452A3210033A25E /* Debug */ = {
			isa = XCBuildConfiguration;
			buildSettings = {
				ALWAYS_EMBED_SWIFT_STANDARD_LIBRARIES = YES;
				CODE_SIGN_STYLE = Automatic;
				DEVELOPMENT_TEAM = FS4AVHYP6U;
				INFOPLIST_FILE = TestCIUITests/Info.plist;
				LD_RUNPATH_SEARCH_PATHS = (
					"$(inherited)",
					"@executable_path/Frameworks",
					"@loader_path/Frameworks",
				);
				PRODUCT_BUNDLE_IDENTIFIER = com.m3u8.zy.TestCIUITests;
				PRODUCT_NAME = "$(TARGET_NAME)";
				SWIFT_VERSION = 5.0;
				TARGETED_DEVICE_FAMILY = "1,2";
				TEST_TARGET_NAME = TestCI;
			};
			name = Debug;
		};
		04D68E8C2452A3210033A25E /* Release */ = {
			isa = XCBuildConfiguration;
			buildSettings = {
				ALWAYS_EMBED_SWIFT_STANDARD_LIBRARIES = YES;
				CODE_SIGN_STYLE = Automatic;
				DEVELOPMENT_TEAM = FS4AVHYP6U;
				INFOPLIST_FILE = TestCIUITests/Info.plist;
				LD_RUNPATH_SEARCH_PATHS = (
					"$(inherited)",
					"@executable_path/Frameworks",
					"@loader_path/Frameworks",
				);
				PRODUCT_BUNDLE_IDENTIFIER = com.m3u8.zy.TestCIUITests;
				PRODUCT_NAME = "$(TARGET_NAME)";
				SWIFT_VERSION = 5.0;
				TARGETED_DEVICE_FAMILY = "1,2";
				TEST_TARGET_NAME = TestCI;
			};
			name = Release;
		};
/* End XCBuildConfiguration section */

/* Begin XCConfigurationList section */
		04D68E552452A31E0033A25E /* Build configuration list for PBXProject "TestCI" */ = {
			isa = XCConfigurationList;
			buildConfigurations = (
				04D68E822452A3210033A25E /* Debug */,
				04D68E832452A3210033A25E /* Release */,
			);
			defaultConfigurationIsVisible = 0;
			defaultConfigurationName = Release;
		};
		04D68E842452A3210033A25E /* Build configuration list for PBXNativeTarget "TestCI" */ = {
			isa = XCConfigurationList;
			buildConfigurations = (
				04D68E852452A3210033A25E /* Debug */,
				04D68E862452A3210033A25E /* Release */,
			);
			defaultConfigurationIsVisible = 0;
			defaultConfigurationName = Release;
		};
		04D68E872452A3210033A25E /* Build configuration list for PBXNativeTarget "TestCITests" */ = {
			isa = XCConfigurationList;
			buildConfigurations = (
				04D68E882452A3210033A25E /* Debug */,
				04D68E892452A3210033A25E /* Release */,
			);
			defaultConfigurationIsVisible = 0;
			defaultConfigurationName = Release;
		};
		04D68E8A2452A3210033A25E /* Build configuration list for PBXNativeTarget "TestCIUITests" */ = {
			isa = XCConfigurationList;
			buildConfigurations = (
				04D68E8B2452A3210033A25E /* Debug */,
				04D68E8C2452A3210033A25E /* Release */,
			);
			defaultConfigurationIsVisible = 0;
			defaultConfigurationName = Release;
		};
/* End XCConfigurationList section */
	};
	rootObject = 04D68E522452A31E0033A25E /* Project object */;
}
